
Microsoft Visual Studio Solution File, Format Version 12.00
# Visual Studio 15
VisualStudioVersion = 15.0.28010.2050
MinimumVisualStudioVersion = 10.0.40219.1
Project("{2150E333-8FDC-42A3-9474-1A3956D46DE8}") = "Solution Items", "Solution Items", "{9367F09B-E7F3-4C77-9EA2-41AC1379B544}"
	ProjectSection(SolutionItems) = preProject
		.gitignore = .gitignore
		NuGet.Config = NuGet.Config
		README.md = README.md
	EndProjectSection
EndProject
Project("{9A19103F-16F7-4668-BE54-9A1E7A4F7556}") = "Cef.Core", "Cef.Core\Cef.Core.csproj", "{A546710F-46F1-49D7-A24C-69B2F45178E8}"
EndProject
Project("{FAE04EC0-301F-11D3-BF4B-00C04F79EFBC}") = "Cef.Core.Tests", "Cef.Core.Tests\Cef.Core.Tests.csproj", "{EEAB5AB6-5563-4403-A45A-3C7A0668E129}"
EndProject
Global
	GlobalSection(SolutionConfigurationPlatforms) = preSolution
		Debug|Any CPU = Debug|Any CPU
		Release|Any CPU = Release|Any CPU
	EndGlobalSection
	GlobalSection(ProjectConfigurationPlatforms) = postSolution
		{A546710F-46F1-49D7-A24C-69B2F45178E8}.Debug|Any CPU.ActiveCfg = Debug|Any CPU
		{A546710F-46F1-49D7-A24C-69B2F45178E8}.Debug|Any CPU.Build.0 = Debug|Any CPU
		{A546710F-46F1-49D7-A24C-69B2F45178E8}.Release|Any CPU.ActiveCfg = Release|Any CPU
		{A546710F-46F1-49D7-A24C-69B2F45178E8}.Release|Any CPU.Build.0 = Release|Any CPU
		{EEAB5AB6-5563-4403-A45A-3C7A0668E129}.Debug|Any CPU.ActiveCfg = Debug|Any CPU
		{EEAB5AB6-5563-4403-A45A-3C7A0668E129}.Debug|Any CPU.Build.0 = Debug|Any CPU
		{EEAB5AB6-5563-4403-A45A-3C7A0668E129}.Release|Any CPU.ActiveCfg = Release|Any CPU
		{EEAB5AB6-5563-4403-A45A-3C7A0668E129}.Release|Any CPU.Build.0 = Release|Any CPU
	EndGlobalSection
	GlobalSection(SolutionProperties) = preSolution
		HideSolutionNode = FALSE
	EndGlobalSection
	GlobalSection(ExtensibilityGlobals) = postSolution
		SolutionGuid = {D3CE6DD4-581D-4351-B8A8-3D96CB170520}
	EndGlobalSection
EndGlobal
