
Microsoft Visual Studio Solution File, Format Version 12.00
# Visual Studio 15
VisualStudioVersion = 15.0.28010.2050
MinimumVisualStudioVersion = 10.0.40219.1
Project("{2150E333-8FDC-42A3-9474-1A3956D46DE8}") = "Solution Items", "Solution Items", "{9367F09B-E7F3-4C77-9EA2-41AC1379B544}"
	ProjectSection(SolutionItems) = preProject
		.gitignore = .gitignore
		NuGet.Config = NuGet.Config
		README.md = README.md
	EndProjectSection
EndProject
Project("{9A19103F-16F7-4668-BE54-9A1E7A4F7556}") = "Cef.Core", "Cef.Core\Cef.Core.csproj", "{A546710F-46F1-49D7-A24C-69B2F45178E8}"
EndProject
Project("{9A19103F-16F7-4668-BE54-9A1E7A4F7556}") = "Cef.Core.Interfaces", "Cef.Core.Interfaces\Cef.Core.Interfaces.csproj", "{020B0FA2-CDCB-4D5F-BFD0-6737D6A6DE59}"
EndProject
Project("{9A19103F-16F7-4668-BE54-9A1E7A4F7556}") = "Cef.Core.Controllers", "Cef.Core.Controllers\Cef.Core.Controllers.csproj", "{7E351AC4-A007-4361-B3ED-F336EDAE436A}"
EndProject
Project("{9A19103F-16F7-4668-BE54-9A1E7A4F7556}") = "Cef.Core.Controllers.Tests", "Cef.Core.Controllers.Tests\Cef.Core.Controllers.Tests.csproj", "{E6E670F4-D71D-4CA7-803B-C994F080C053}"
EndProject
Project("{9A19103F-16F7-4668-BE54-9A1E7A4F7556}") = "Cef.Core.Extensions", "Cef.Core.Extensions\Cef.Core.Extensions.csproj", "{64F5E7A0-D1B4-45ED-8EDA-1DF0740DE298}"
EndProject
Project("{9A19103F-16F7-4668-BE54-9A1E7A4F7556}") = "Cef.Core.Filters", "Cef.Core.Filters\Cef.Core.Filters.csproj", "{153930BD-C16D-4BFD-86F8-3FAAFA64BE8B}"
EndProject
Project("{9A19103F-16F7-4668-BE54-9A1E7A4F7556}") = "Cef.Core.Filters.Tests", "Cef.Core.Filters.Tests\Cef.Core.Filters.Tests.csproj", "{3BFFECCF-B8B2-4EC0-BD19-05C450F63B74}"
EndProject
Project("{9A19103F-16F7-4668-BE54-9A1E7A4F7556}") = "Cef.Core.Options", "Cef.Core.Options\Cef.Core.Options.csproj", "{A68C5AF4-C4DE-4019-8B00-FDC2D8972C2F}"
EndProject
Project("{9A19103F-16F7-4668-BE54-9A1E7A4F7556}") = "Cef.Core.Factories", "Cef.Core.Factories\Cef.Core.Factories.csproj", "{AB13D6FB-DD8C-4B54-8C31-27AA79BE5622}"
EndProject
Project("{9A19103F-16F7-4668-BE54-9A1E7A4F7556}") = "Cef.Core.Transformers", "Cef.Core.Transformers\Cef.Core.Transformers.csproj", "{6C28040A-B609-4E81-BE32-CE43EEFF9628}"
EndProject
Project("{9A19103F-16F7-4668-BE54-9A1E7A4F7556}") = "Cef.Core.Requests", "Cef.Core.Requests\Cef.Core.Requests.csproj", "{08F45E3A-5ECF-42EA-A116-54E9F9910924}"
EndProject
Project("{FAE04EC0-301F-11D3-BF4B-00C04F79EFBC}") = "Cef.Core.RequestHandlers", "Cef.Core.RequestHandlers\Cef.Core.RequestHandlers.csproj", "{F241016C-C0B4-4282-BCF8-03998C899903}"
EndProject
Project("{FAE04EC0-301F-11D3-BF4B-00C04F79EFBC}") = "Cef.Core.RequestHandlers.Tests", "Cef.Core.RequestHandlers.Tests\Cef.Core.RequestHandlers.Tests.csproj", "{704399DC-B0B8-4FCF-8E53-C651CA360703}"
EndProject
Project("{9A19103F-16F7-4668-BE54-9A1E7A4F7556}") = "Cef.Core.Services", "Cef.Core.Services\Cef.Core.Services.csproj", "{EFFF8A5F-400B-45EB-B69B-07EACA999151}"
EndProject
Global
	GlobalSection(SolutionConfigurationPlatforms) = preSolution
		Debug|Any CPU = Debug|Any CPU
		Release|Any CPU = Release|Any CPU
	EndGlobalSection
	GlobalSection(ProjectConfigurationPlatforms) = postSolution
		{A546710F-46F1-49D7-A24C-69B2F45178E8}.Debug|Any CPU.ActiveCfg = Debug|Any CPU
		{A546710F-46F1-49D7-A24C-69B2F45178E8}.Debug|Any CPU.Build.0 = Debug|Any CPU
		{A546710F-46F1-49D7-A24C-69B2F45178E8}.Release|Any CPU.ActiveCfg = Release|Any CPU
		{A546710F-46F1-49D7-A24C-69B2F45178E8}.Release|Any CPU.Build.0 = Release|Any CPU
		{020B0FA2-CDCB-4D5F-BFD0-6737D6A6DE59}.Debug|Any CPU.ActiveCfg = Debug|Any CPU
		{020B0FA2-CDCB-4D5F-BFD0-6737D6A6DE59}.Debug|Any CPU.Build.0 = Debug|Any CPU
		{020B0FA2-CDCB-4D5F-BFD0-6737D6A6DE59}.Release|Any CPU.ActiveCfg = Release|Any CPU
		{020B0FA2-CDCB-4D5F-BFD0-6737D6A6DE59}.Release|Any CPU.Build.0 = Release|Any CPU
		{7E351AC4-A007-4361-B3ED-F336EDAE436A}.Debug|Any CPU.ActiveCfg = Debug|Any CPU
		{7E351AC4-A007-4361-B3ED-F336EDAE436A}.Debug|Any CPU.Build.0 = Debug|Any CPU
		{7E351AC4-A007-4361-B3ED-F336EDAE436A}.Release|Any CPU.ActiveCfg = Release|Any CPU
		{7E351AC4-A007-4361-B3ED-F336EDAE436A}.Release|Any CPU.Build.0 = Release|Any CPU
		{E6E670F4-D71D-4CA7-803B-C994F080C053}.Debug|Any CPU.ActiveCfg = Debug|Any CPU
		{E6E670F4-D71D-4CA7-803B-C994F080C053}.Debug|Any CPU.Build.0 = Debug|Any CPU
		{E6E670F4-D71D-4CA7-803B-C994F080C053}.Release|Any CPU.ActiveCfg = Release|Any CPU
		{E6E670F4-D71D-4CA7-803B-C994F080C053}.Release|Any CPU.Build.0 = Release|Any CPU
		{64F5E7A0-D1B4-45ED-8EDA-1DF0740DE298}.Debug|Any CPU.ActiveCfg = Debug|Any CPU
		{64F5E7A0-D1B4-45ED-8EDA-1DF0740DE298}.Debug|Any CPU.Build.0 = Debug|Any CPU
		{64F5E7A0-D1B4-45ED-8EDA-1DF0740DE298}.Release|Any CPU.ActiveCfg = Release|Any CPU
		{64F5E7A0-D1B4-45ED-8EDA-1DF0740DE298}.Release|Any CPU.Build.0 = Release|Any CPU
		{153930BD-C16D-4BFD-86F8-3FAAFA64BE8B}.Debug|Any CPU.ActiveCfg = Debug|Any CPU
		{153930BD-C16D-4BFD-86F8-3FAAFA64BE8B}.Debug|Any CPU.Build.0 = Debug|Any CPU
		{153930BD-C16D-4BFD-86F8-3FAAFA64BE8B}.Release|Any CPU.ActiveCfg = Release|Any CPU
		{153930BD-C16D-4BFD-86F8-3FAAFA64BE8B}.Release|Any CPU.Build.0 = Release|Any CPU
		{3BFFECCF-B8B2-4EC0-BD19-05C450F63B74}.Debug|Any CPU.ActiveCfg = Debug|Any CPU
		{3BFFECCF-B8B2-4EC0-BD19-05C450F63B74}.Debug|Any CPU.Build.0 = Debug|Any CPU
		{3BFFECCF-B8B2-4EC0-BD19-05C450F63B74}.Release|Any CPU.ActiveCfg = Release|Any CPU
		{3BFFECCF-B8B2-4EC0-BD19-05C450F63B74}.Release|Any CPU.Build.0 = Release|Any CPU
		{A68C5AF4-C4DE-4019-8B00-FDC2D8972C2F}.Debug|Any CPU.ActiveCfg = Debug|Any CPU
		{A68C5AF4-C4DE-4019-8B00-FDC2D8972C2F}.Debug|Any CPU.Build.0 = Debug|Any CPU
		{A68C5AF4-C4DE-4019-8B00-FDC2D8972C2F}.Release|Any CPU.ActiveCfg = Release|Any CPU
		{A68C5AF4-C4DE-4019-8B00-FDC2D8972C2F}.Release|Any CPU.Build.0 = Release|Any CPU
		{AB13D6FB-DD8C-4B54-8C31-27AA79BE5622}.Debug|Any CPU.ActiveCfg = Debug|Any CPU
		{AB13D6FB-DD8C-4B54-8C31-27AA79BE5622}.Debug|Any CPU.Build.0 = Debug|Any CPU
		{AB13D6FB-DD8C-4B54-8C31-27AA79BE5622}.Release|Any CPU.ActiveCfg = Release|Any CPU
		{AB13D6FB-DD8C-4B54-8C31-27AA79BE5622}.Release|Any CPU.Build.0 = Release|Any CPU
		{6C28040A-B609-4E81-BE32-CE43EEFF9628}.Debug|Any CPU.ActiveCfg = Debug|Any CPU
		{6C28040A-B609-4E81-BE32-CE43EEFF9628}.Debug|Any CPU.Build.0 = Debug|Any CPU
		{6C28040A-B609-4E81-BE32-CE43EEFF9628}.Release|Any CPU.ActiveCfg = Release|Any CPU
		{6C28040A-B609-4E81-BE32-CE43EEFF9628}.Release|Any CPU.Build.0 = Release|Any CPU
		{08F45E3A-5ECF-42EA-A116-54E9F9910924}.Debug|Any CPU.ActiveCfg = Debug|Any CPU
		{08F45E3A-5ECF-42EA-A116-54E9F9910924}.Debug|Any CPU.Build.0 = Debug|Any CPU
		{08F45E3A-5ECF-42EA-A116-54E9F9910924}.Release|Any CPU.ActiveCfg = Release|Any CPU
		{08F45E3A-5ECF-42EA-A116-54E9F9910924}.Release|Any CPU.Build.0 = Release|Any CPU
		{F241016C-C0B4-4282-BCF8-03998C899903}.Debug|Any CPU.ActiveCfg = Debug|Any CPU
		{F241016C-C0B4-4282-BCF8-03998C899903}.Debug|Any CPU.Build.0 = Debug|Any CPU
		{F241016C-C0B4-4282-BCF8-03998C899903}.Release|Any CPU.ActiveCfg = Release|Any CPU
		{F241016C-C0B4-4282-BCF8-03998C899903}.Release|Any CPU.Build.0 = Release|Any CPU
		{704399DC-B0B8-4FCF-8E53-C651CA360703}.Debug|Any CPU.ActiveCfg = Debug|Any CPU
		{704399DC-B0B8-4FCF-8E53-C651CA360703}.Debug|Any CPU.Build.0 = Debug|Any CPU
		{704399DC-B0B8-4FCF-8E53-C651CA360703}.Release|Any CPU.ActiveCfg = Release|Any CPU
		{704399DC-B0B8-4FCF-8E53-C651CA360703}.Release|Any CPU.Build.0 = Release|Any CPU
		{EFFF8A5F-400B-45EB-B69B-07EACA999151}.Debug|Any CPU.ActiveCfg = Debug|Any CPU
		{EFFF8A5F-400B-45EB-B69B-07EACA999151}.Debug|Any CPU.Build.0 = Debug|Any CPU
		{EFFF8A5F-400B-45EB-B69B-07EACA999151}.Release|Any CPU.ActiveCfg = Release|Any CPU
		{EFFF8A5F-400B-45EB-B69B-07EACA999151}.Release|Any CPU.Build.0 = Release|Any CPU
	EndGlobalSection
	GlobalSection(SolutionProperties) = preSolution
		HideSolutionNode = FALSE
	EndGlobalSection
	GlobalSection(ExtensibilityGlobals) = postSolution
		SolutionGuid = {D3CE6DD4-581D-4351-B8A8-3D96CB170520}
	EndGlobalSection
EndGlobal
