
Microsoft Visual Studio Solution File, Format Version 12.00
# Visual Studio 15
VisualStudioVersion = 15.0.28307.421
MinimumVisualStudioVersion = 10.0.40219.1
Project("{2150E333-8FDC-42A3-9474-1A3956D46DE8}") = "Solution Items", "Solution Items", "{9367F09B-E7F3-4C77-9EA2-41AC1379B544}"
	ProjectSection(SolutionItems) = preProject
		.gitignore = .gitignore
		Clarity.Core.snk = Clarity.Core.snk
		NuGet.Config = NuGet.Config
		README.md = README.md
	EndProjectSection
EndProject
Project("{9A19103F-16F7-4668-BE54-9A1E7A4F7556}") = "Core.Entities", "Entities\Core.Entities.csproj", "{6B0765C4-B27B-411D-A51C-0D7CF0F5F749}"
EndProject
Project("{9A19103F-16F7-4668-BE54-9A1E7A4F7556}") = "Core.Extensions", "Extensions\Core.Extensions.csproj", "{64F5E7A0-D1B4-45ED-8EDA-1DF0740DE298}"
EndProject
Project("{9A19103F-16F7-4668-BE54-9A1E7A4F7556}") = "Core.Filters", "Filters\Core.Filters.csproj", "{153930BD-C16D-4BFD-86F8-3FAAFA64BE8B}"
EndProject
Project("{9A19103F-16F7-4668-BE54-9A1E7A4F7556}") = "Core.Filters.Tests", "Filters.Tests\Core.Filters.Tests.csproj", "{3BFFECCF-B8B2-4EC0-BD19-05C450F63B74}"
EndProject
Project("{9A19103F-16F7-4668-BE54-9A1E7A4F7556}") = "Core.Options", "Options\Core.Options.csproj", "{A68C5AF4-C4DE-4019-8B00-FDC2D8972C2F}"
EndProject
Project("{9A19103F-16F7-4668-BE54-9A1E7A4F7556}") = "Core.Factories", "Factories\Core.Factories.csproj", "{AB13D6FB-DD8C-4B54-8C31-27AA79BE5622}"
EndProject
Project("{9A19103F-16F7-4668-BE54-9A1E7A4F7556}") = "Core.Transformers", "Transformers\Core.Transformers.csproj", "{6C28040A-B609-4E81-BE32-CE43EEFF9628}"
EndProject
Project("{9A19103F-16F7-4668-BE54-9A1E7A4F7556}") = "Core.Services", "Services\Core.Services.csproj", "{EFFF8A5F-400B-45EB-B69B-07EACA999151}"
EndProject
Project("{9A19103F-16F7-4668-BE54-9A1E7A4F7556}") = "Core.RequestHandlers", "RequestHandlers\Core.RequestHandlers.csproj", "{8369B0FF-7671-4973-AC24-22F3232F684B}"
EndProject
Project("{9A19103F-16F7-4668-BE54-9A1E7A4F7556}") = "Core.Controllers", "Controllers\Core.Controllers.csproj", "{0B45476C-B380-4C4D-85A1-52ABC18559BC}"
EndProject
Project("{9A19103F-16F7-4668-BE54-9A1E7A4F7556}") = "Core.Controllers.Tests", "Controllers.Tests\Core.Controllers.Tests.csproj", "{5EFB9025-838F-4062-9F9C-9EBC5151D69F}"
EndProject
Project("{9A19103F-16F7-4668-BE54-9A1E7A4F7556}") = "Core.Models", "Models\Core.Models.csproj", "{CA4F26EA-1A75-4315-A512-AC24311C4262}"
EndProject
Project("{9A19103F-16F7-4668-BE54-9A1E7A4F7556}") = "Core.QueueClients", "QueueClients\Core.QueueClients.csproj", "{090A8B82-6C0B-4A9C-ACC5-E4AEB7B84DF3}"
EndProject
Project("{9A19103F-16F7-4668-BE54-9A1E7A4F7556}") = "Core.Entities.Configurations", "Entities.Configurations\Core.Entities.Configurations.csproj", "{CA3B2412-72D2-456C-BD91-4E101C200FD9}"
EndProject
Project("{9A19103F-16F7-4668-BE54-9A1E7A4F7556}") = "Core.Requests", "Requests\Core.Requests.csproj", "{1ECBCCE9-5F71-4A1D-B479-A479B20507CD}"
EndProject
Project("{9A19103F-16F7-4668-BE54-9A1E7A4F7556}") = "Core.NotificationHandlers", "NotificationHandlers\Core.NotificationHandlers.csproj", "{A0B46740-D415-483C-94FF-B7F3886A1569}"
EndProject
Project("{9A19103F-16F7-4668-BE54-9A1E7A4F7556}") = "Core.Notifications", "Notifications\Core.Notifications.csproj", "{CF21914A-2183-45E8-A4DD-EB7139815507}"
EndProject
Project("{9A19103F-16F7-4668-BE54-9A1E7A4F7556}") = "Core.Controllers.Fakes", "Controllers.Fakes\Core.Controllers.Fakes.csproj", "{663D2E26-2953-4111-A21D-2022C88F517F}"
EndProject
Project("{9A19103F-16F7-4668-BE54-9A1E7A4F7556}") = "Core.RequestHandlers.Fakes", "RequestHandlers.Fakes\Core.RequestHandlers.Fakes.csproj", "{0191043B-0993-43CD-AFE5-120EA8D19A25}"
EndProject
Project("{9A19103F-16F7-4668-BE54-9A1E7A4F7556}") = "Core.RequestHandlers.Tests", "RequestHandlers.Tests\Core.RequestHandlers.Tests.csproj", "{B02DE166-731D-4DFB-AAC0-CE4BAACF1AF9}"
EndProject
Project("{9A19103F-16F7-4668-BE54-9A1E7A4F7556}") = "Core.Claims", "Claims\Core.Claims.csproj", "{DDCDE8A7-EABC-4D56-8CFD-6F59E6DA8A0F}"
EndProject
Global
	GlobalSection(SolutionConfigurationPlatforms) = preSolution
		Debug|Any CPU = Debug|Any CPU
		Release|Any CPU = Release|Any CPU
	EndGlobalSection
	GlobalSection(ProjectConfigurationPlatforms) = postSolution
		{6B0765C4-B27B-411D-A51C-0D7CF0F5F749}.Debug|Any CPU.ActiveCfg = Debug|Any CPU
		{6B0765C4-B27B-411D-A51C-0D7CF0F5F749}.Debug|Any CPU.Build.0 = Debug|Any CPU
		{6B0765C4-B27B-411D-A51C-0D7CF0F5F749}.Release|Any CPU.ActiveCfg = Release|Any CPU
		{6B0765C4-B27B-411D-A51C-0D7CF0F5F749}.Release|Any CPU.Build.0 = Release|Any CPU
		{64F5E7A0-D1B4-45ED-8EDA-1DF0740DE298}.Debug|Any CPU.ActiveCfg = Debug|Any CPU
		{64F5E7A0-D1B4-45ED-8EDA-1DF0740DE298}.Debug|Any CPU.Build.0 = Debug|Any CPU
		{64F5E7A0-D1B4-45ED-8EDA-1DF0740DE298}.Release|Any CPU.ActiveCfg = Release|Any CPU
		{64F5E7A0-D1B4-45ED-8EDA-1DF0740DE298}.Release|Any CPU.Build.0 = Release|Any CPU
		{153930BD-C16D-4BFD-86F8-3FAAFA64BE8B}.Debug|Any CPU.ActiveCfg = Debug|Any CPU
		{153930BD-C16D-4BFD-86F8-3FAAFA64BE8B}.Debug|Any CPU.Build.0 = Debug|Any CPU
		{153930BD-C16D-4BFD-86F8-3FAAFA64BE8B}.Release|Any CPU.ActiveCfg = Release|Any CPU
		{153930BD-C16D-4BFD-86F8-3FAAFA64BE8B}.Release|Any CPU.Build.0 = Release|Any CPU
		{3BFFECCF-B8B2-4EC0-BD19-05C450F63B74}.Debug|Any CPU.ActiveCfg = Debug|Any CPU
		{3BFFECCF-B8B2-4EC0-BD19-05C450F63B74}.Debug|Any CPU.Build.0 = Debug|Any CPU
		{3BFFECCF-B8B2-4EC0-BD19-05C450F63B74}.Release|Any CPU.ActiveCfg = Release|Any CPU
		{3BFFECCF-B8B2-4EC0-BD19-05C450F63B74}.Release|Any CPU.Build.0 = Release|Any CPU
		{A68C5AF4-C4DE-4019-8B00-FDC2D8972C2F}.Debug|Any CPU.ActiveCfg = Debug|Any CPU
		{A68C5AF4-C4DE-4019-8B00-FDC2D8972C2F}.Debug|Any CPU.Build.0 = Debug|Any CPU
		{A68C5AF4-C4DE-4019-8B00-FDC2D8972C2F}.Release|Any CPU.ActiveCfg = Release|Any CPU
		{A68C5AF4-C4DE-4019-8B00-FDC2D8972C2F}.Release|Any CPU.Build.0 = Release|Any CPU
		{AB13D6FB-DD8C-4B54-8C31-27AA79BE5622}.Debug|Any CPU.ActiveCfg = Debug|Any CPU
		{AB13D6FB-DD8C-4B54-8C31-27AA79BE5622}.Debug|Any CPU.Build.0 = Debug|Any CPU
		{AB13D6FB-DD8C-4B54-8C31-27AA79BE5622}.Release|Any CPU.ActiveCfg = Release|Any CPU
		{AB13D6FB-DD8C-4B54-8C31-27AA79BE5622}.Release|Any CPU.Build.0 = Release|Any CPU
		{6C28040A-B609-4E81-BE32-CE43EEFF9628}.Debug|Any CPU.ActiveCfg = Debug|Any CPU
		{6C28040A-B609-4E81-BE32-CE43EEFF9628}.Debug|Any CPU.Build.0 = Debug|Any CPU
		{6C28040A-B609-4E81-BE32-CE43EEFF9628}.Release|Any CPU.ActiveCfg = Release|Any CPU
		{6C28040A-B609-4E81-BE32-CE43EEFF9628}.Release|Any CPU.Build.0 = Release|Any CPU
		{EFFF8A5F-400B-45EB-B69B-07EACA999151}.Debug|Any CPU.ActiveCfg = Debug|Any CPU
		{EFFF8A5F-400B-45EB-B69B-07EACA999151}.Debug|Any CPU.Build.0 = Debug|Any CPU
		{EFFF8A5F-400B-45EB-B69B-07EACA999151}.Release|Any CPU.ActiveCfg = Release|Any CPU
		{EFFF8A5F-400B-45EB-B69B-07EACA999151}.Release|Any CPU.Build.0 = Release|Any CPU
		{8369B0FF-7671-4973-AC24-22F3232F684B}.Debug|Any CPU.ActiveCfg = Debug|Any CPU
		{8369B0FF-7671-4973-AC24-22F3232F684B}.Debug|Any CPU.Build.0 = Debug|Any CPU
		{8369B0FF-7671-4973-AC24-22F3232F684B}.Release|Any CPU.ActiveCfg = Release|Any CPU
		{8369B0FF-7671-4973-AC24-22F3232F684B}.Release|Any CPU.Build.0 = Release|Any CPU
		{0B45476C-B380-4C4D-85A1-52ABC18559BC}.Debug|Any CPU.ActiveCfg = Debug|Any CPU
		{0B45476C-B380-4C4D-85A1-52ABC18559BC}.Debug|Any CPU.Build.0 = Debug|Any CPU
		{0B45476C-B380-4C4D-85A1-52ABC18559BC}.Release|Any CPU.ActiveCfg = Release|Any CPU
		{0B45476C-B380-4C4D-85A1-52ABC18559BC}.Release|Any CPU.Build.0 = Release|Any CPU
		{5EFB9025-838F-4062-9F9C-9EBC5151D69F}.Debug|Any CPU.ActiveCfg = Debug|Any CPU
		{5EFB9025-838F-4062-9F9C-9EBC5151D69F}.Debug|Any CPU.Build.0 = Debug|Any CPU
		{5EFB9025-838F-4062-9F9C-9EBC5151D69F}.Release|Any CPU.ActiveCfg = Release|Any CPU
		{5EFB9025-838F-4062-9F9C-9EBC5151D69F}.Release|Any CPU.Build.0 = Release|Any CPU
		{CA4F26EA-1A75-4315-A512-AC24311C4262}.Debug|Any CPU.ActiveCfg = Debug|Any CPU
		{CA4F26EA-1A75-4315-A512-AC24311C4262}.Debug|Any CPU.Build.0 = Debug|Any CPU
		{CA4F26EA-1A75-4315-A512-AC24311C4262}.Release|Any CPU.ActiveCfg = Release|Any CPU
		{CA4F26EA-1A75-4315-A512-AC24311C4262}.Release|Any CPU.Build.0 = Release|Any CPU
		{090A8B82-6C0B-4A9C-ACC5-E4AEB7B84DF3}.Debug|Any CPU.ActiveCfg = Debug|Any CPU
		{090A8B82-6C0B-4A9C-ACC5-E4AEB7B84DF3}.Debug|Any CPU.Build.0 = Debug|Any CPU
		{090A8B82-6C0B-4A9C-ACC5-E4AEB7B84DF3}.Release|Any CPU.ActiveCfg = Release|Any CPU
		{090A8B82-6C0B-4A9C-ACC5-E4AEB7B84DF3}.Release|Any CPU.Build.0 = Release|Any CPU
		{CA3B2412-72D2-456C-BD91-4E101C200FD9}.Debug|Any CPU.ActiveCfg = Debug|Any CPU
		{CA3B2412-72D2-456C-BD91-4E101C200FD9}.Debug|Any CPU.Build.0 = Debug|Any CPU
		{CA3B2412-72D2-456C-BD91-4E101C200FD9}.Release|Any CPU.ActiveCfg = Release|Any CPU
		{CA3B2412-72D2-456C-BD91-4E101C200FD9}.Release|Any CPU.Build.0 = Release|Any CPU
		{1ECBCCE9-5F71-4A1D-B479-A479B20507CD}.Debug|Any CPU.ActiveCfg = Debug|Any CPU
		{1ECBCCE9-5F71-4A1D-B479-A479B20507CD}.Debug|Any CPU.Build.0 = Debug|Any CPU
		{1ECBCCE9-5F71-4A1D-B479-A479B20507CD}.Release|Any CPU.ActiveCfg = Release|Any CPU
		{1ECBCCE9-5F71-4A1D-B479-A479B20507CD}.Release|Any CPU.Build.0 = Release|Any CPU
		{A0B46740-D415-483C-94FF-B7F3886A1569}.Debug|Any CPU.ActiveCfg = Debug|Any CPU
		{A0B46740-D415-483C-94FF-B7F3886A1569}.Debug|Any CPU.Build.0 = Debug|Any CPU
		{A0B46740-D415-483C-94FF-B7F3886A1569}.Release|Any CPU.ActiveCfg = Release|Any CPU
		{A0B46740-D415-483C-94FF-B7F3886A1569}.Release|Any CPU.Build.0 = Release|Any CPU
		{CF21914A-2183-45E8-A4DD-EB7139815507}.Debug|Any CPU.ActiveCfg = Debug|Any CPU
		{CF21914A-2183-45E8-A4DD-EB7139815507}.Debug|Any CPU.Build.0 = Debug|Any CPU
		{CF21914A-2183-45E8-A4DD-EB7139815507}.Release|Any CPU.ActiveCfg = Release|Any CPU
		{CF21914A-2183-45E8-A4DD-EB7139815507}.Release|Any CPU.Build.0 = Release|Any CPU
		{663D2E26-2953-4111-A21D-2022C88F517F}.Debug|Any CPU.ActiveCfg = Debug|Any CPU
		{663D2E26-2953-4111-A21D-2022C88F517F}.Debug|Any CPU.Build.0 = Debug|Any CPU
		{663D2E26-2953-4111-A21D-2022C88F517F}.Release|Any CPU.ActiveCfg = Release|Any CPU
		{663D2E26-2953-4111-A21D-2022C88F517F}.Release|Any CPU.Build.0 = Release|Any CPU
		{0191043B-0993-43CD-AFE5-120EA8D19A25}.Debug|Any CPU.ActiveCfg = Debug|Any CPU
		{0191043B-0993-43CD-AFE5-120EA8D19A25}.Debug|Any CPU.Build.0 = Debug|Any CPU
		{0191043B-0993-43CD-AFE5-120EA8D19A25}.Release|Any CPU.ActiveCfg = Release|Any CPU
		{0191043B-0993-43CD-AFE5-120EA8D19A25}.Release|Any CPU.Build.0 = Release|Any CPU
		{B02DE166-731D-4DFB-AAC0-CE4BAACF1AF9}.Debug|Any CPU.ActiveCfg = Debug|Any CPU
		{B02DE166-731D-4DFB-AAC0-CE4BAACF1AF9}.Debug|Any CPU.Build.0 = Debug|Any CPU
		{B02DE166-731D-4DFB-AAC0-CE4BAACF1AF9}.Release|Any CPU.ActiveCfg = Release|Any CPU
		{B02DE166-731D-4DFB-AAC0-CE4BAACF1AF9}.Release|Any CPU.Build.0 = Release|Any CPU
		{DDCDE8A7-EABC-4D56-8CFD-6F59E6DA8A0F}.Debug|Any CPU.ActiveCfg = Debug|Any CPU
		{DDCDE8A7-EABC-4D56-8CFD-6F59E6DA8A0F}.Debug|Any CPU.Build.0 = Debug|Any CPU
		{DDCDE8A7-EABC-4D56-8CFD-6F59E6DA8A0F}.Release|Any CPU.ActiveCfg = Release|Any CPU
		{DDCDE8A7-EABC-4D56-8CFD-6F59E6DA8A0F}.Release|Any CPU.Build.0 = Release|Any CPU
	EndGlobalSection
	GlobalSection(SolutionProperties) = preSolution
		HideSolutionNode = FALSE
	EndGlobalSection
	GlobalSection(ExtensibilityGlobals) = postSolution
		SolutionGuid = {D3CE6DD4-581D-4351-B8A8-3D96CB170520}
	EndGlobalSection
EndGlobal
